
Microsoft Visual Studio Solution File, Format Version 12.00
# Visual Studio 15
VisualStudioVersion = 15.0.28307.421
MinimumVisualStudioVersion = 10.0.40219.1
Project("{FAE04EC0-301F-11D3-BF4B-00C04F79EFBC}") = "lab-1", "lab-1\lab-1.csproj", "{A1EE62AD-1ED6-4139-AD35-58C328A01351}"
EndProject
Global
	GlobalSection(SolutionConfigurationPlatforms) = preSolution
		Debug|Any CPU = Debug|Any CPU
		Release|Any CPU = Release|Any CPU
	EndGlobalSection
	GlobalSection(ProjectConfigurationPlatforms) = postSolution
		{A1EE62AD-1ED6-4139-AD35-58C328A01351}.Debug|Any CPU.ActiveCfg = Debug|Any CPU
		{A1EE62AD-1ED6-4139-AD35-58C328A01351}.Debug|Any CPU.Build.0 = Debug|Any CPU
		{A1EE62AD-1ED6-4139-AD35-58C328A01351}.Release|Any CPU.ActiveCfg = Release|Any CPU
		{A1EE62AD-1ED6-4139-AD35-58C328A01351}.Release|Any CPU.Build.0 = Release|Any CPU
	EndGlobalSection
	GlobalSection(SolutionProperties) = preSolution
		HideSolutionNode = FALSE
	EndGlobalSection
	GlobalSection(ExtensibilityGlobals) = postSolution
		SolutionGuid = {258FBA24-D53A-462C-9237-E434111697BB}
	EndGlobalSection
EndGlobal
